<Solution>
  <Folder Name="/src/">
    <Project Path="src/Iris.Api/Iris.Api.csproj" />
    <Project Path="src/Iris.Application/Iris.Application.csproj" />
    <Project Path="src/Iris.Domain/Iris.Domain.csproj" />
    <Project Path="src/Iris.Infrastructure/Iris.Infrastructure.csproj" />
  </Folder>
  <Folder Name="/tests/">
    <Project Path="tests/Iris.Tests.Integration/Iris.Tests.Integration.csproj" />
    <Project Path="tests/Iris.Tests.Unit/Iris.Tests.Unit.csproj" />
  </Folder>
</Solution>
